# Generated by scripts/sync-assets.sh; do not edit by hand.
upstream_commit: 366f8b9dfe3a59656c67d5dcad9950f59c9bc96d
synced_at: 2026-05-14T23:27:17Z
files:
  - { sha256: c990b0b3faab3a2ee68eac7eec99ad60e45c10943450f60ca6684540a2aaf21c, path: plugins/achievements/examples.yml }
  - { sha256: e8be600055d0a9417ba3a3d5efdae9a8ef0a595ec343bb48bd09b4ef7ccd7cf7, path: plugins/achievements/index.mjs }
  - { sha256: 0ad5d97ee6d94cffc0296554b717fe9689972d300eaf9fa2eaf68689085be96a, path: plugins/achievements/list/index.mjs }
  - { sha256: 06637ce6e690e47347ba80cb668d9e875eba831d6830b232e9a3346a673a22ce, path: plugins/achievements/list/organizations.mjs }
  - { sha256: 2f73eef1eb3334371d3d18a46a5c48acd520e1ca0c8ac945f7b415f9108522be, path: plugins/achievements/list/users.mjs }
  - { sha256: a9152bdbf1542a96e8f58a928e8eff70165b73715d80c3ecbc6716dcbc75139b, path: plugins/achievements/metadata.yml }
  - { sha256: 316f8e3e903cb065900d43282e4e33bbfc74e6c138ea8f76809bda63a94b3a7a, path: plugins/achievements/queries/achievements.graphql }
  - { sha256: e645e09e27b70c9cf32fc82db26bbdf131d2915dc6fa1f0ced056b97287c90f5, path: plugins/achievements/queries/metrics.graphql }
  - { sha256: 30f600f04a4113a6219f8a56a04ffc6e74e7a2687f3913e34d2ea03ce6dbef85, path: plugins/achievements/queries/octocat.graphql }
  - { sha256: 0057bd2dd7da66e14021e6248fce530d358a73f59a690cf29417908943ef4c71, path: plugins/achievements/queries/organizations.graphql }
  - { sha256: 6deaec7637281489c6f8eafe9927ec41f2adcea6df7ad89cbfc90070e91a0458, path: plugins/achievements/queries/ranking.graphql }
  - { sha256: 20aa2fc431b21239f550e609251cc577fc5b1fde7d87cb2e2aa6bc7db6091440, path: plugins/achievements/queries/total.graphql }
  - { sha256: d4d5df56d1d08c8d31e24536f2a6f0e5b8b602b4a30b8dd881c54ae560a9adf4, path: plugins/achievements/README.md }
  - { sha256: aaa3533f77f9b185e7352749fabc30aae647da5e0067452189b609ff0e8cbd0f, path: plugins/activity/examples.yml }
  - { sha256: 3ef6f3bf18ad1e25e492277308dfa699fa8c2b9a314858c3a85f338c1a61458a, path: plugins/activity/index.mjs }
  - { sha256: 8fa4509f0d1301dd2d6b7888fc5d14c2167c1954f441a92e0dace482f16a175a, path: plugins/activity/metadata.yml }
  - { sha256: a721277f24ea7eca1968728974a5447a0d9bebdd160e148692dc95fca16e9525, path: plugins/activity/README.md }
  - { sha256: a9ddef6bf0c35d0129d32828402e49da63e9913b28bc0ab5fb0cb0ff25859b82, path: plugins/base/examples.yml }
  - { sha256: 6ae13a4fe90653c35ceab836abc87710cf93dbf300869da479019210ba256176, path: plugins/base/index.mjs }
  - { sha256: 4f16d8be0502239ef1ef3405ac1c54a9ce9556d1224586f6113446b91c08cfa9, path: plugins/base/metadata.yml }
  - { sha256: 4fe42bac896c0e6c3b7f4b06c605b7f5d53a6e50848572d88931cb9eb1d11285, path: plugins/base/queries/calendar.graphql }
  - { sha256: 81d5ad8972ce22618746ef390b971beea385cc2f595898ca8cb9658bff80760a, path: plugins/base/queries/contributions.graphql }
  - { sha256: d5043d37b14cdd4f2e855629e6552dca2ec02d26a32c0b74a5c251d0caf36346, path: plugins/base/queries/field.graphql }
  - { sha256: 607e7d8c1dd597f090b413482b9454f97538828f2914f8586adee1a91b32b758, path: plugins/base/queries/field.repositories.graphql }
  - { sha256: fe907c2f6bd62cb62a5adc776d470bd2eab46353bb40301435b6fc816d7a2f96, path: plugins/base/queries/organization.graphql }
  - { sha256: abe6bacd24c9af87b435717d78ba505ed9bc43be99300da1088ac2fcaae4a9f6, path: plugins/base/queries/organization.x.graphql }
  - { sha256: 793641d2aea0b005419fc1fe5584ca2fdbb11709ee5015e5b2c6e1e50458ea24, path: plugins/base/queries/repositories.graphql }
  - { sha256: ac1c077f4233e6b970a29e2570dcf05d6fc77cff68615993584fc8a27713351d, path: plugins/base/queries/repository.graphql }
  - { sha256: 6943145e9a28d85fd38ae4eebcd9790787f20cf419729b3e66d22bee7b00d0e2, path: plugins/base/queries/user.graphql }
  - { sha256: 51b3cbfb313de55b399eb79561307e3ad0c7881586bf527a06ee953895f4195d, path: plugins/base/queries/user.x.graphql }
  - { sha256: 170f3399768e9df84ca238a49453b3ecbd7b15ac9cf177534ab8354a039a9a4c, path: plugins/base/README.md }
  - { sha256: 557199dea74aea615ed66e9956091eac974266398385c92cbfb34a0668ae9c93, path: plugins/calendar/examples.yml }
  - { sha256: f15bd714411280ce0bacc7705544a7e932f30e85fda47a30bd4239007161eec9, path: plugins/calendar/index.mjs }
  - { sha256: 2f2f926a47120ed007f0c8da3b019fae40d8eb4e070c8b66febaf60a7f46f7d9, path: plugins/calendar/metadata.yml }
  - { sha256: 998752e693cc13135df3da579caf4245fd72f079c25851dfc3f2315e26a1d28e, path: plugins/calendar/queries/calendar.graphql }
  - { sha256: b6e6fbb2614f56df8ff28d525705f5e57312ae0cd20b52f1f0e7667ff2312ac2, path: plugins/calendar/README.md }
  - { sha256: dd7e1e7bc9423c3d1d186a99db1746c9d3ab1a416dbd906689943bb32da7bf44, path: plugins/contributors/examples.yml }
  - { sha256: 3267acf00fed2041fbe6588fb5dc86f5878909ef078b4e342c47d196ebe12888, path: plugins/contributors/index.mjs }
  - { sha256: 76f3f09769383207a11e89edd78730c1e1a0c58fee26298fe07e427f3fbfe219, path: plugins/contributors/metadata.yml }
  - { sha256: 75fb28203a9a614f6d8e1bf33699296be19728c806a2c0abfd37d67a79549dad, path: plugins/contributors/queries/commit.graphql }
  - { sha256: a7e4c5fc260b26418f32ad321b8a8ff8e6f0ce95f0697d25a4eae496d5d14ed6, path: plugins/contributors/README.md }
  - { sha256: a3e7b3159f9f5745b40db973771171e9b39feec3446b9fc40582bcc171092938, path: plugins/core/examples.yml }
  - { sha256: acbc23575cc681c65bccd86bc2902beeb3f8473dd7af2d69f1497ca8d3a4940c, path: plugins/core/index.mjs }
  - { sha256: a31c31649f553ad68659fb1de4e85788bfc0915c20b91e87c5de4a4721ee9849, path: plugins/core/metadata.yml }
  - { sha256: e9f1e9cd7faf2fc46b9e8cd993097ff17d7e201a62aa2f336024fa2c6afab5b8, path: plugins/core/README.md }
  - { sha256: 40dc6798f3a8d5e698ada800d78235e62957fe1d88d6eaa896d033fb7a71f57f, path: plugins/habits/examples.yml }
  - { sha256: 15922e9ad964bb5b28870fa88798d257cc2461cbcf7a2e36d9491e027b474891, path: plugins/habits/index.mjs }
  - { sha256: 4b5399111528c909de5881e6bc0622244771c5cd1827c08b69553f0848780343, path: plugins/habits/metadata.yml }
  - { sha256: cfe64454fae2f6d1e81328e236ba9218b7d72670db0874cc9e60c92280e0c157, path: plugins/habits/README.md }
  - { sha256: 98c11eedae35db7216ea6102fa44b758d0e2cfec53b203fca1c886d8dfb80012, path: plugins/isocalendar/examples.yml }
  - { sha256: e8b346f344e9aaa03408b4c8675b76b16156d6b3d6b4d7dbaa5b22cfea3f16b6, path: plugins/isocalendar/index.mjs }
  - { sha256: b003d65d05c69bfccdf5464b44699599c87779d6100f0bb5837a524139db540a, path: plugins/isocalendar/metadata.yml }
  - { sha256: bcd9c66f763927d3676bfbc3c518ee0788d816e60854fc3eca099801cd0d7cec, path: plugins/isocalendar/queries/calendar.graphql }
  - { sha256: 3baff06cd19fa2ec576ae39de1b21353ce748ffc933ba8b3c9b1d378bc46e00e, path: plugins/isocalendar/README.md }
  - { sha256: b604a03fa64db470435ce65c8c0c1b74e6b609c04fa57dfe5d2bc2621c1a3eca, path: plugins/languages/analyzer/analyzer.mjs }
  - { sha256: ce6a8d8af497eb95167cd59a5c006ee32aa5bcc1d0cb2f65ee8293aa68c5c6f1, path: plugins/languages/analyzer/cli.mjs }
  - { sha256: 7ea8385eea111f205548f30a6f2fb4f3b4dde2880e0ea9c4bde60e1ca3472e10, path: plugins/languages/analyzer/indepth.mjs }
  - { sha256: 5b59debe3a57f5e909d4c6b4c0769189c3f8343f4478b8c86760172b2f2800b4, path: plugins/languages/analyzer/recent.mjs }
  - { sha256: a123a761ad0313151aa23b13635bcddb07ec1fec3a636befcce6aebb845d843b, path: plugins/languages/analyzers.mjs }
  - { sha256: 93a45d6d51e6899c042a80201ea0a0431b7a327a4d5eb91ac2014ebd041ee15c, path: plugins/languages/colorsets.json }
  - { sha256: 6e39ab3724d31f07b7e1a5ffecc3b3b6483ee0c5081f3bea89bcd63439262d3a, path: plugins/languages/examples.yml }
  - { sha256: f5c062eea8ce2d0899d4b94e2df0b902dd5d4563404b2f01624c4440baed81b7, path: plugins/languages/index.mjs }
  - { sha256: 4fa6218b77077fe05ca01e194846935ac0e27c2b9835457a45672c8d78039927, path: plugins/languages/metadata.yml }
  - { sha256: 005575e5029a6c3c8cebbe3ecbf5e9b267d55148091a9ed079c3632f45f1c180, path: plugins/languages/README.md }
  - { sha256: 47283befa7046d12ce036b4c040332200f00985ba20204f392b622447b82d62b, path: plugins/notable/examples.yml }
  - { sha256: b8d98c4ab8e8bd3fe9edb5ecce01ccc0fc9b693a9f419c57c909e9a6077a65f0, path: plugins/notable/index.mjs }
  - { sha256: 723657f448e1bcdd6d96cba8a80cdb3055ac02d087e4e5c3e234c333436f74ea, path: plugins/notable/metadata.yml }
  - { sha256: 9870f21451fb44983515c45e998f15691baee531ddaa6785118a5da2896ae312, path: plugins/notable/queries/commits.graphql }
  - { sha256: 6135e0e3b67fba17725597a6730cef353ea1338b161491e960ecaaa1f8fd58ba, path: plugins/notable/queries/contributions.graphql }
  - { sha256: 54866253119f4e8edced8542307d245c0c961edc5d0712540442fa79235e6fed, path: plugins/notable/queries/issues.graphql }
  - { sha256: 0b6b713b16a34903d1e82d6dcb72c26a9c06a0a364ad08bc026d31fd6cd56c86, path: plugins/notable/README.md }
  - { sha256: f04c6eb9c4449de801abeff72f588c1dcde90dc45c91b4df8590b10d053865d2, path: plugins/people/examples.yml }
  - { sha256: 9f0c1f2da4baa753ffe43b93e6efbb36e392f8d47b0f1558b577886fd80c9ce0, path: plugins/people/index.mjs }
  - { sha256: a7577e7dcc8e98d36b9ac3947e52c1a890074babcfbd5b60d54838d5765299a0, path: plugins/people/metadata.yml }
  - { sha256: b9bdf2423130df5607f8354e815275f816e64c2896b6ad65cee2487b1f6360e1, path: plugins/people/queries/people.graphql }
  - { sha256: f7f7153db2551554a5053cfcab3288d35969946aff70818875f59ab95b37a066, path: plugins/people/queries/repository.graphql }
  - { sha256: 62e27f6b6463c1974baff6f1733c49594e7d82d5252e815c683632e69d3faf28, path: plugins/people/queries/sponsors.graphql }
  - { sha256: 065bd2ff710a54d32cb3cb1cf9f75ff988ec861b26426c891e573abf8e244ef7, path: plugins/people/README.md }
  - { sha256: 7a44ab0a05db4e0ae035885eb389f6c2813106c6d2a6e6503b75bbc3c5bd34d7, path: plugins/reactions/examples.yml }
  - { sha256: 253df1cfef70779bc926ff3bc6dc7401cb15ec1bf7bc73c5922a53c6f431d901, path: plugins/reactions/index.mjs }
  - { sha256: 45a8622534dc9d694a53f09d55d7e46a2641bd9f76d5af23d1b4cc99d33eae19, path: plugins/reactions/metadata.yml }
  - { sha256: f3d3e15482fa8c3ca295a2f7a4cad71c21e3f249341ff94f2a11775634b2dd21, path: plugins/reactions/queries/reactions.graphql }
  - { sha256: 75e89cb60f807e3936263f85a603e7e18771ee8af3420f1d7f05fc817a29bbdd, path: plugins/reactions/README.md }
  - { sha256: c50db96ab50a234ff1e500d63b80439f73c25b0e18fde2a756b61d37ae2a672f, path: plugins/repositories/examples.yml }
  - { sha256: f399a53bd07d08dcfc555716b244f59e643856d0ff9b7f864a9fdb2fd7a7f7dc, path: plugins/repositories/index.mjs }
  - { sha256: b7a9ac96de6ed71d00182d89ab60078da3ba35b57e1a98f96ff07ed9e780275c, path: plugins/repositories/metadata.yml }
  - { sha256: bf496e40e1edecaccff4086229ed095ac3019144386edd8d1644d8a8cb1cfb55, path: plugins/repositories/queries/pinned.graphql }
  - { sha256: b3f1d2aa611de58078564aefbeec925847bbc565d591717fcaca1d664ad26d76, path: plugins/repositories/queries/random.graphql }
  - { sha256: 93ff4ee420df4bda168709bd40040c99eab0092d8ac460cf320b1e901395b755, path: plugins/repositories/queries/repository.graphql }
  - { sha256: eac8717eb2c494ca41514362cd86a4345d8ebf9af290f301ac7638abfc8cc875, path: plugins/repositories/queries/starred.graphql }
  - { sha256: 4dcd330de6385b15751f7f436d5aca7699f74b1afbe7c21659bac6cac707a39f, path: plugins/repositories/README.md }
  - { sha256: 10f4755ca56fc656f4f90be5f6bbbc276d02430416429d432f20c734f19e7155, path: plugins/sponsors/examples.yml }
  - { sha256: 790c246870e9322330747ba03c5823f699194ca4aff32dc74aea071a5615b440, path: plugins/sponsors/index.mjs }
  - { sha256: 29ec30d84b2e30f247af9d4df5006d4d24bde16497a0481babe3da2ecd380aa1, path: plugins/sponsors/metadata.yml }
  - { sha256: 91ec3d918d0d848c7e44a33dec782ca22209f5a150beaa1f412c2026ee11e59f, path: plugins/sponsors/queries/active.graphql }
  - { sha256: 69601ca35c8b1cb5d54e16f75ddb5a16f4680cfcda847b4e2cf6ac7465d07ac4, path: plugins/sponsors/queries/all.graphql }
  - { sha256: 6dadf7e5616a6211afa2794623599b0ba5f10e448718ba8c435809aec3d9c1e5, path: plugins/sponsors/queries/description.graphql }
  - { sha256: b9467464587fa8a99bdfda89266153093443c42cf273dfc31581ca3489070212, path: plugins/sponsors/README.md }
  - { sha256: d3f3d927547b26e368f31b64942e1fde38f2359f0e312cd563110a2ca0cd1a55, path: plugins/sponsorships/examples.yml }
  - { sha256: adc21d766f8a6a2186bff4a920b8d20e83ff8c9809f2b46e4cd5756bc9e7702e, path: plugins/sponsorships/index.mjs }
  - { sha256: 1f33a890689398eb8d8ea4625fbefddf921b33090011b91da3b053bca1894c1d, path: plugins/sponsorships/metadata.yml }
  - { sha256: 1900f6499dbaf429f0ee654be31b52394752f126891dc1637cf543f5a38bd32d, path: plugins/sponsorships/queries/all.graphql }
  - { sha256: 68814c7696c0c732bda2b9e8bb7b8b26fc9ed408a94289bf3c164bcfefd50b20, path: plugins/sponsorships/queries/sponsorships.graphql }
  - { sha256: 1520785df96e0389a3dd67e784891be8caa26c9bb5a99e8c7e4652736e8ab989, path: plugins/sponsorships/README.md }
  - { sha256: d6dc3809c3a5b6ebc3c32080c7b463fd3c4c64e4894613db7df7e5c5d16acc04, path: plugins/stargazers/examples.yml }
  - { sha256: 6572ff7e60cd205f753f9cf24291c323df0e301486eea949d4367e9de0cb2390, path: plugins/stargazers/index.mjs }
  - { sha256: 4ff5545e4df19ee3db738891d09f77409982816450386bc91f2354969d0198d4, path: plugins/stargazers/metadata.yml }
  - { sha256: 50b4ef354b73ee93edc8eea992b065c365d3e09df919c4b61804a100ebf7e3b1, path: plugins/stargazers/queries/stargazers.graphql }
  - { sha256: b0a3ef8b76bbd34cbb1bb6260e28995d3611444ff110abd110de74560d33b9f8, path: plugins/stargazers/README.md }
  - { sha256: e59653a54139deff5702e77d24b8e7ac2409d684b6840e5c195ae2d462ffbb45, path: plugins/stargazers/worldmap/atlas/50m_countries.geojson }
  - { sha256: 7b5897854e412149164152d72d88d6b008c652b3a16376b95b9ef50d50eb3763, path: plugins/stargazers/worldmap/atlas/LICENSE.md }
  - { sha256: f0208c48c784fd971de0c0fd0f74181339ba2881ca59ce489e2f8b823ca1896d, path: plugins/stargazers/worldmap/index.mjs }
  - { sha256: 458d46872bcec9cab459d0589a2612b3a67f27670d9289ee2bed4b36603b258d, path: plugins/starlists/examples.yml }
  - { sha256: 889c0bd63609c89a725f046a9556a1d680c4a482b2381f8aa8b258e938afd9a2, path: plugins/starlists/index.mjs }
  - { sha256: fe11994cf65e6f76ccddaf1ccf6213302d17dd3f9b592f8cf681181927afc6b2, path: plugins/starlists/metadata.yml }
  - { sha256: aae7230da7a98a6cfd41ebffa13d33b0a748c2021941bdab7cce20291f0888ae, path: plugins/starlists/README.md }
  - { sha256: f4dc3add0123efa7b0137bc060fb67ca00e42822e966231a6ba7fbbc42b139e9, path: plugins/stars/examples.yml }
  - { sha256: b626992601e43c64d017d7e1eb87c13dad4a55c2c360ab2f9e8258e52b739ec8, path: plugins/stars/index.mjs }
  - { sha256: a70d88808fa5d8d781c2ae35a7ab82927fa79a2e01c34fb72ef7d58ac7a0d05a, path: plugins/stars/metadata.yml }
  - { sha256: 73bc1d772db2aa48d2ac738357af1751fdd2b2b75b1029130f02a85c9daa871a, path: plugins/stars/queries/stars.graphql }
  - { sha256: 5a302adb7c06078664734cd1d799cc017d8065a8b64a39d8a8592e07728c2069, path: plugins/stars/README.md }
  - { sha256: 5534e6a19fb2b78be59f6eb97a35672c7972d91aa787807f8027d447f66435d9, path: plugins/topics/examples.yml }
  - { sha256: b9566b650de2d92431095f1917d00958998e3f0c407ea5e5e6f36d04dd34ac86, path: plugins/topics/index.mjs }
  - { sha256: 4419d710e4e101aee2376fd2a686fe65e5f79ca720ac657bb2f57a7dea735489, path: plugins/topics/metadata.yml }
  - { sha256: f43193d6868b0f09c5c8207f6fb28e07011d32198b025e4f0fa9ce8e83f8f38a, path: plugins/topics/README.md }
  - { sha256: 84d9f4015b5b08af4fa7d12dc5b5edcbee563ae832435725ea9d7d0fd80eb0d9, path: plugins/traffic/examples.yml }
  - { sha256: 546e8a7a32026bd5e583ca1028d9ac5ee5fc2141f3f50d09a5d4282a723c62da, path: plugins/traffic/index.mjs }
  - { sha256: cd07dff488b69d0ba62d54f67076a9b9c60d45392bd1da2f2d023f6108171c8b, path: plugins/traffic/metadata.yml }
  - { sha256: d23557091d65947dc289e2bf3eb25017b1295e829a66e1fb0330062594f26461, path: plugins/traffic/README.md }
  - { sha256: 3a07039dc2874cfbb12b2f46fed135c37e524a7a09489dba1a82aa5e7e4b9543, path: templates/classic/examples.yml }
  - { sha256: e3b0c44298fc1c149afbf4c8996fb92427ae41e4649b934ca495991b7852b855, path: templates/classic/fonts.css }
  - { sha256: 51ab9e90e9f7c94f0c0078e12a75c839f95ec3144039ad59a913301c00fb3057, path: templates/classic/image.svg }
  - { sha256: 8026f6294c9c9b06e47e441abe200dd2856a27a52461d4f34c9e06f335281853, path: templates/classic/metadata.yml }
  - { sha256: 62d6a1197f3e3a71d7c60412a20dd01388b7bd8202b7503c3947aef986cf6ad1, path: templates/classic/partials/_.json }
  - { sha256: ea9a1b7c6e9cc194e3d4dd5975f890eda3550eda26ec6e92f33e24bb46cbe46c, path: templates/classic/partials/16personalities.ejs }
  - { sha256: 7d2b203467d20aa751eb3e6a37fa0de426b9d58e812614ab36b05708d3d2ce06, path: templates/classic/partials/achievements.ejs }
  - { sha256: d388176bfe9d3248d25f692da3d818ac28752b9b67427f792162ad248eadc648, path: templates/classic/partials/activity.ejs }
  - { sha256: 4f7d2fe2ea11f9abd17c48caf22be0497987070ecabef8d1b3630c0708170dac, path: templates/classic/partials/anilist.ejs }
  - { sha256: f904825a063670a2628265dad8d2bd8bf156bc73040c2e8e6b16a891d8a316d1, path: templates/classic/partials/base.activity+community.ejs }
  - { sha256: 1891dd44b10733a74c97f26605ee33b253c7fb989918d1bb3d2e1f55cc842cea, path: templates/classic/partials/base.header.ejs }
  - { sha256: 8009e7367704a68c1d9e1cd685b572da4e30ad44b275574c358a7ce5f8ca4cb7, path: templates/classic/partials/base.repositories.ejs }
  - { sha256: 77225abc0baeceda60ad2a8e7f19f8d78b2c5ce1421c6ce86be2c5bdb80d8c48, path: templates/classic/partials/calendar.ejs }
  - { sha256: bc45192c398f746fe34fe755b80fb103f79fe70d0932904ccebe98bf5f0da43a, path: templates/classic/partials/chess.ejs }
  - { sha256: 26edf5e1a3c97d6cc722b6b4552818bac36aad3a76d41592b4834243a6bc5aac, path: templates/classic/partials/code.ejs }
  - { sha256: ba129467bf8a162ebd2c18d50d957d3b949aeafc87c2b31ce1b990c66fe14203, path: templates/classic/partials/crypto.ejs }
  - { sha256: d2e4b7a9b7bc3bc9c32e7b3c0d8ea786981d61fc4407965fbb9bfca8dea18f2b, path: templates/classic/partials/discussions.ejs }
  - { sha256: 956404328a1efd6810421df3184155bea05eb12d73947d3d309cef697c23e40d, path: templates/classic/partials/followup.ejs }
  - { sha256: a30a41c3f1b9308fc8c86ac7d8558ddd8e4a4f0b765418305c2d2cbf8215529c, path: templates/classic/partials/fortune.ejs }
  - { sha256: 04ebc882dd1cdc202f832714a538a2c6af62ff1ac5d1dfe81f5907e12f7d8b24, path: templates/classic/partials/gists.ejs }
  - { sha256: 5ee5aa7802e60230451ecb4008746d1cb69be150bae062e4fa6f4cf946f49410, path: templates/classic/partials/habits.ejs }
  - { sha256: 218890175b8b5d21bfdb60c471dd8c6df0597a6557c964b786933b232f4934cd, path: templates/classic/partials/introduction.ejs }
  - { sha256: e77eff2e89a1ffeb03ca9554240ddeff34660abd5b010078d0f9599f8c9f3ba9, path: templates/classic/partials/isocalendar.ejs }
  - { sha256: a0390d475b76937bc65671b4cba2d12b504ea70b3239a2471a0633179bb2ec6f, path: templates/classic/partials/languages.ejs }
  - { sha256: b7670c05891662e67b27ecb48485b3e2945a1c0e6321f99f3b82c5b9ac44d6b8, path: templates/classic/partials/leetcode.ejs }
  - { sha256: bafeba33671072eb7e246fa976ff65eabf23b4b99d64a8aa98a0e70a0d3a6a34, path: templates/classic/partials/lines.ejs }
  - { sha256: 7397997a46936d2affe0cabff73e1197fd7514cd5b864f408e8dd75d190c0fea, path: templates/classic/partials/music.ejs }
  - { sha256: 71459b13c5b4dfa3c69a69262588e30c8d87282fbeb374c9debfb815fd589d23, path: templates/classic/partials/nightscout.ejs }
  - { sha256: ff1aa477abacc4bac61aa497d513b7a6baee38311c347dc8c0d4e90d9818011b, path: templates/classic/partials/notable.ejs }
  - { sha256: 0e96daa4196c020f8f027e8a15f06291ffb9acffc6f0b9ad041b0c8260c46e5d, path: templates/classic/partials/pagespeed.ejs }
  - { sha256: 903fd69452510746782a6a405cee64fa7805c78ec1fffc9000661831a7f303f3, path: templates/classic/partials/people.ejs }
  - { sha256: 2adb1ccb39f0e4e02caa7d7e3777b546d8a302e5dfaefba2b6c11b91fc40d267, path: templates/classic/partials/poopmap.ejs }
  - { sha256: d972a914d27c2ac8c6b48a5a0bbd555da32287bf69d8116e0b001efbec67623d, path: templates/classic/partials/posts.ejs }
  - { sha256: 93ee521bed2282166d09ccf58bd6776d1419e8d935a79d1a89a6b65ef980a30c, path: templates/classic/partials/reactions.ejs }
  - { sha256: e4c17848fe9d1807dfc53a78b99de2591d5b36d7e8f049815d9c8926f0523d15, path: templates/classic/partials/repositories.ejs }
  - { sha256: 49f0cec8320e64649c73bbc2f484d4af268b9067d66cad5928b4e1e65a822e89, path: templates/classic/partials/rss.ejs }
  - { sha256: 860e827f7f31fc6afd2ab1b69e0c7acfe3f0eb8d57b6371ccb975d5c00e91af4, path: templates/classic/partials/screenshot.ejs }
  - { sha256: 65aa49df3743eca119ed0e4d06c3cce4c5569220b8170a30313c2745e6e89f06, path: templates/classic/partials/skyline.ejs }
  - { sha256: 0e66eaaa16af310cd17e243c98cd703887d34954f0af808c0540533a61e6c790, path: templates/classic/partials/splatoon.ejs }
  - { sha256: df50b498a8337e193318d31394a21526ab471b39651e135f92a2ef204b64fdec, path: templates/classic/partials/sponsors.ejs }
  - { sha256: 78946f26a9b9d221579b95766bc517fbd4f1fd6d0628db046f915274655942ba, path: templates/classic/partials/sponsorships.ejs }
  - { sha256: 0e14b9558e9e467c9c0b5f464921dbc4d08a139a53b74cc97f9b2edd3beb72b7, path: templates/classic/partials/stackoverflow.ejs }
  - { sha256: c3aa1c5c607b77dfcc8547bbdc32e0f056aca91a66355d574d98707143e9c2a0, path: templates/classic/partials/stargazers.ejs }
  - { sha256: 6a180bb49e65611ba6fe631e8d12f8426f19ef77d8ef7266ca9c118ab16cfd81, path: templates/classic/partials/starlists.ejs }
  - { sha256: e8502ee29b518bf8df1431e0a36fb6cf825cb31c565f8515a2c1cc98ec8027b9, path: templates/classic/partials/stars.ejs }
  - { sha256: 37c4cf739c7b82bba8d237b4cf091fb9172b5aca5d79480b3c578e0a6a876db8, path: templates/classic/partials/steam.ejs }
  - { sha256: c490bc4a713b904f2ab2df7079371de99bc9b5a1a44ffb759a4a14ec4aaf9954, path: templates/classic/partials/stock.ejs }
  - { sha256: c2d68d9874fd07263753282d11c9dd611da77fdf0364dbae76ad507708a47bb8, path: templates/classic/partials/support.ejs }
  - { sha256: 395031c2ebcb4fbe5969ab54f981d60386b2bbd19eacdb66efd83d785139e6d7, path: templates/classic/partials/topics.ejs }
  - { sha256: 482a0758ea26f456cc0b1c7d4f9757b69e1f35391f893c557ce55c306b43bdc6, path: templates/classic/partials/traffic.ejs }
  - { sha256: daed700cbc9f13890eecbef0119c9d58ba217adba09e31545f161e7504af178b, path: templates/classic/partials/tweets.ejs }
  - { sha256: 55d7e4f7c766f00cd6d2bee2993e130123188fb416954673f551ebdbe953f0f2, path: templates/classic/partials/wakatime.ejs }
  - { sha256: 8d64d8df604202fcae6a370638f680c05284e535ac4ae5f621cef86bbafbd6cb, path: templates/classic/README.md }
  - { sha256: 618ef6735e6750c944045a9c4bdb4b131a4a934a097d6eb7b7ab07297edab773, path: templates/classic/style.css }
  - { sha256: f4660f737eca274f81b430304c737e0cfba649c3fc951473aebe25ecf29666df, path: templates/classic/template.mjs }
  - { sha256: 48fd47e39e3c7552fc65a6ef8df9edb996beb52175ef613439aafc2888848b8d, path: templates/repository/examples.yml }
  - { sha256: 24462bd0cb1f84531bd2dacb011e40ff77287fc4a0126e2b841058d922e44987, path: templates/repository/image.svg }
  - { sha256: 3f63e19e20116d709e72592744e418c2f6c816b3f8cf4050fd5f6e0b8929658c, path: templates/repository/metadata.yml }
  - { sha256: f04b3435925124a1b44f599756a22d4cf46487128840f0fdf9e001a5f85bda87, path: templates/repository/partials/_.json }
  - { sha256: 0f2f4927302b7c47d5a4ef7766c58ac984f1e154044c701436c400fa938d450e, path: templates/repository/partials/activity.ejs }
  - { sha256: 715646f5afc115070f7985813b10e1c867005715a875a575ee8a92872d6a6218, path: templates/repository/partials/base.header.ejs }
  - { sha256: 215224a95d2cd1e5eade63b531a58aa03c6d60f16ba9f6993e3747e65a367830, path: templates/repository/partials/contributors.ejs }
  - { sha256: ba129467bf8a162ebd2c18d50d957d3b949aeafc87c2b31ce1b990c66fe14203, path: templates/repository/partials/crypto.ejs }
  - { sha256: d0d07d5565a57f34a2817042b575e31bff5cfe8ffea5143d248af4936a5f1a55, path: templates/repository/partials/followup.ejs }
  - { sha256: 218890175b8b5d21bfdb60c471dd8c6df0597a6557c964b786933b232f4934cd, path: templates/repository/partials/introduction.ejs }
  - { sha256: e9f02603aab803f9050e3480393a376bc077aca24063521f17ff7cdb17b80cd2, path: templates/repository/partials/languages.ejs }
  - { sha256: 91505afe45a832a5db73300d66f8767fa8c3fc993a2c1fb8eb05dc353b45be63, path: templates/repository/partials/licenses.ejs }
  - { sha256: 482a0758ea26f456cc0b1c7d4f9757b69e1f35391f893c557ce55c306b43bdc6, path: templates/repository/partials/lines.ejs }
  - { sha256: 0e96daa4196c020f8f027e8a15f06291ffb9acffc6f0b9ad041b0c8260c46e5d, path: templates/repository/partials/pagespeed.ejs }
  - { sha256: 642c19de7dac1fee5f71ec24a4a7efa72a1df71a6c96341dabec6c87f08828c0, path: templates/repository/partials/people.ejs }
  - { sha256: d972a914d27c2ac8c6b48a5a0bbd555da32287bf69d8116e0b001efbec67623d, path: templates/repository/partials/posts.ejs }
  - { sha256: 49f0cec8320e64649c73bbc2f484d4af268b9067d66cad5928b4e1e65a822e89, path: templates/repository/partials/rss.ejs }
  - { sha256: fbf5a271742b4835d91f0e46b091a8e4ab1eb16fdb2d563c95056858d83d903c, path: templates/repository/partials/screenshot.ejs }
  - { sha256: 4b9a5f871e2933a9fef47c7e79ae67271fe0717f2e60fdfdd153f415a5f64324, path: templates/repository/partials/sponsors.ejs }
  - { sha256: 7ad6bd5ee6e862bab8b3d799ef679a8ee32ba240cda98bcaf7f4234ee2c16642, path: templates/repository/partials/stargazers.ejs }
  - { sha256: c490bc4a713b904f2ab2df7079371de99bc9b5a1a44ffb759a4a14ec4aaf9954, path: templates/repository/partials/stock.ejs }
  - { sha256: 482a0758ea26f456cc0b1c7d4f9757b69e1f35391f893c557ce55c306b43bdc6, path: templates/repository/partials/traffic.ejs }
  - { sha256: 5f5f2670e11a9e3980846c8b2fe4305e7a47fe24a23516bde340254095fb2aad, path: templates/repository/README.md }
  - { sha256: 0b9c1105a9e1d2b2d3bb68c5b6792e8d817431b5b8e5514f4a6c777f5528fa13, path: templates/repository/template.mjs }
  - { sha256: 479237a8d677a6309d922581fd81ff28a57f006a5f7b7253dcc65103304b1844, path: version.txt }
